// !$*UTF8*$!
{
	archiveVersion = 1;
	classes = {
	};
	objectVersion = 46;
	objects = {

/* Begin PBXBuildFile section */
		391F0CD41ADA9CF200D61BFC /* GameCards.db in Resources */ = {isa = PBXBuildFile; fileRef = 391F0CD31ADA9CF200D61BFC /* GameCards.db */; };
		3948CFE41AD91A03003DE709 /* pic in Resources */ = {isa = PBXBuildFile; fileRef = 3948CFE31AD91A03003DE709 /* pic */; };
		397EB4491B2E7DFB005EA8D1 /* ViewController.m in Sources */ = {isa = PBXBuildFile; fileRef = 397EB4481B2E7DFB005EA8D1 /* ViewController.m */; };
		398A7FCE1AC955940076FE2C /* main.m in Sources */ = {isa = PBXBuildFile; fileRef = 398A7FCD1AC955940076FE2C /* main.m */; };
		398A7FD11AC955940076FE2C /* AppDelegate.m in Sources */ = {isa = PBXBuildFile; fileRef = 398A7FD01AC955940076FE2C /* AppDelegate.m */; };
		398A7FD41AC955940076FE2C /* FirstViewController.m in Sources */ = {isa = PBXBuildFile; fileRef = 398A7FD31AC955940076FE2C /* FirstViewController.m */; };
		398A7FD71AC955940076FE2C /* SecondViewController.m in Sources */ = {isa = PBXBuildFile; fileRef = 398A7FD61AC955940076FE2C /* SecondViewController.m */; };
		398A7FDA1AC955940076FE2C /* Main.storyboard in Resources */ = {isa = PBXBuildFile; fileRef = 398A7FD81AC955940076FE2C /* Main.storyboard */; };
		398A7FDC1AC955940076FE2C /* Images.xcassets in Resources */ = {isa = PBXBuildFile; fileRef = 398A7FDB1AC955940076FE2C /* Images.xcassets */; };
		398A7FDF1AC955940076FE2C /* LaunchScreen.xib in Resources */ = {isa = PBXBuildFile; fileRef = 398A7FDD1AC955940076FE2C /* LaunchScreen.xib */; };
		398A7FEB1AC955940076FE2C /* Card_Master_PlusTests.m in Sources */ = {isa = PBXBuildFile; fileRef = 398A7FEA1AC955940076FE2C /* Card_Master_PlusTests.m */; };
		39A948E61ACAE63300984374 /* CardInformationViewController.m in Sources */ = {isa = PBXBuildFile; fileRef = 39A948E51ACAE63300984374 /* CardInformationViewController.m */; };
		39A948ED1ACF711400984374 /* CardInformation.m in Sources */ = {isa = PBXBuildFile; fileRef = 39A948EC1ACF711400984374 /* CardInformation.m */; };
		39A948F41ACFA7E300984374 /* DBAccess.m in Sources */ = {isa = PBXBuildFile; fileRef = 39A948F31ACFA7E300984374 /* DBAccess.m */; };
		39A948F61ACFAC0B00984374 /* libsqlite3.0.dylib in Frameworks */ = {isa = PBXBuildFile; fileRef = 39A948F51ACFAC0B00984374 /* libsqlite3.0.dylib */; };
		39A949331AD2157F00984374 /* TableViewController.m in Sources */ = {isa = PBXBuildFile; fileRef = 39A949321AD2157F00984374 /* TableViewController.m */; };
/* End PBXBuildFile section */

/* Begin PBXContainerItemProxy section */
		398A7FE51AC955940076FE2C /* PBXContainerItemProxy */ = {
			isa = PBXContainerItemProxy;
			containerPortal = 398A7FC01AC955940076FE2C /* Project object */;
			proxyType = 1;
			remoteGlobalIDString = 398A7FC71AC955940076FE2C;
			remoteInfo = "Card Master Plus";
		};
/* End PBXContainerItemProxy section */

/* Begin PBXFileReference section */
		391F0CD31ADA9CF200D61BFC /* GameCards.db */ = {isa = PBXFileReference; lastKnownFileType = file; path = GameCards.db; sourceTree = "<group>"; };
		3948CFE31AD91A03003DE709 /* pic */ = {isa = PBXFileReference; lastKnownFileType = folder; path = pic; sourceTree = "<group>"; };
		397EB4471B2E7DFB005EA8D1 /* ViewController.h */ = {isa = PBXFileReference; fileEncoding = 4; lastKnownFileType = sourcecode.c.h; path = ViewController.h; sourceTree = "<group>"; };
		397EB4481B2E7DFB005EA8D1 /* ViewController.m */ = {isa = PBXFileReference; fileEncoding = 4; lastKnownFileType = sourcecode.c.objc; path = ViewController.m; sourceTree = "<group>"; };
		398A7FC81AC955940076FE2C /* Card Master Plus.app */ = {isa = PBXFileReference; explicitFileType = wrapper.application; includeInIndex = 0; path = "Card Master Plus.app"; sourceTree = BUILT_PRODUCTS_DIR; };
		398A7FCC1AC955940076FE2C /* Info.plist */ = {isa = PBXFileReference; lastKnownFileType = text.plist.xml; path = Info.plist; sourceTree = "<group>"; };
		398A7FCD1AC955940076FE2C /* main.m */ = {isa = PBXFileReference; lastKnownFileType = sourcecode.c.objc; path = main.m; sourceTree = "<group>"; };
		398A7FCF1AC955940076FE2C /* AppDelegate.h */ = {isa = PBXFileReference; lastKnownFileType = sourcecode.c.h; path = AppDelegate.h; sourceTree = "<group>"; };
		398A7FD01AC955940076FE2C /* AppDelegate.m */ = {isa = PBXFileReference; lastKnownFileType = sourcecode.c.objc; path = AppDelegate.m; sourceTree = "<group>"; };
		398A7FD21AC955940076FE2C /* FirstViewController.h */ = {isa = PBXFileReference; lastKnownFileType = sourcecode.c.h; path = FirstViewController.h; sourceTree = "<group>"; };
		398A7FD31AC955940076FE2C /* FirstViewController.m */ = {isa = PBXFileReference; lastKnownFileType = sourcecode.c.objc; path = FirstViewController.m; sourceTree = "<group>"; };
		398A7FD51AC955940076FE2C /* SecondViewController.h */ = {isa = PBXFileReference; lastKnownFileType = sourcecode.c.h; path = SecondViewController.h; sourceTree = "<group>"; };
		398A7FD61AC955940076FE2C /* SecondViewController.m */ = {isa = PBXFileReference; lastKnownFileType = sourcecode.c.objc; path = SecondViewController.m; sourceTree = "<group>"; };
		398A7FD91AC955940076FE2C /* Base */ = {isa = PBXFileReference; lastKnownFileType = file.storyboard; name = Base; path = Base.lproj/Main.storyboard; sourceTree = "<group>"; };
		398A7FDB1AC955940076FE2C /* Images.xcassets */ = {isa = PBXFileReference; lastKnownFileType = folder.assetcatalog; path = Images.xcassets; sourceTree = "<group>"; };
		398A7FDE1AC955940076FE2C /* Base */ = {isa = PBXFileReference; lastKnownFileType = file.xib; name = Base; path = Base.lproj/LaunchScreen.xib; sourceTree = "<group>"; };
		398A7FE41AC955940076FE2C /* Card Master PlusTests.xctest */ = {isa = PBXFileReference; explicitFileType = wrapper.cfbundle; includeInIndex = 0; path = "Card Master PlusTests.xctest"; sourceTree = BUILT_PRODUCTS_DIR; };
		398A7FE91AC955940076FE2C /* Info.plist */ = {isa = PBXFileReference; lastKnownFileType = text.plist.xml; path = Info.plist; sourceTree = "<group>"; };
		398A7FEA1AC955940076FE2C /* Card_Master_PlusTests.m */ = {isa = PBXFileReference; lastKnownFileType = sourcecode.c.objc; path = Card_Master_PlusTests.m; sourceTree = "<group>"; };
		39A948E41ACAE63300984374 /* CardInformationViewController.h */ = {isa = PBXFileReference; fileEncoding = 4; lastKnownFileType = sourcecode.c.h; path = CardInformationViewController.h; sourceTree = "<group>"; };
		39A948E51ACAE63300984374 /* CardInformationViewController.m */ = {isa = PBXFileReference; fileEncoding = 4; lastKnownFileType = sourcecode.c.objc; path = CardInformationViewController.m; sourceTree = "<group>"; };
		39A948EB1ACF711400984374 /* CardInformation.h */ = {isa = PBXFileReference; fileEncoding = 4; lastKnownFileType = sourcecode.c.h; path = CardInformation.h; sourceTree = "<group>"; };
		39A948EC1ACF711400984374 /* CardInformation.m */ = {isa = PBXFileReference; fileEncoding = 4; lastKnownFileType = sourcecode.c.objc; path = CardInformation.m; sourceTree = "<group>"; };
		39A948F21ACFA7E300984374 /* DBAccess.h */ = {isa = PBXFileReference; fileEncoding = 4; lastKnownFileType = sourcecode.c.h; path = DBAccess.h; sourceTree = "<group>"; };
		39A948F31ACFA7E300984374 /* DBAccess.m */ = {isa = PBXFileReference; fileEncoding = 4; lastKnownFileType = sourcecode.c.objc; path = DBAccess.m; sourceTree = "<group>"; };
		39A948F51ACFAC0B00984374 /* libsqlite3.0.dylib */ = {isa = PBXFileReference; lastKnownFileType = "compiled.mach-o.dylib"; name = libsqlite3.0.dylib; path = usr/lib/libsqlite3.0.dylib; sourceTree = SDKROOT; };
		39A949311AD2157F00984374 /* TableViewController.h */ = {isa = PBXFileReference; fileEncoding = 4; lastKnownFileType = sourcecode.c.h; path = TableViewController.h; sourceTree = "<group>"; };
		39A949321AD2157F00984374 /* TableViewController.m */ = {isa = PBXFileReference; fileEncoding = 4; lastKnownFileType = sourcecode.c.objc; path = TableViewController.m; sourceTree = "<group>"; };
/* End PBXFileReference section */

/* Begin PBXFrameworksBuildPhase section */
		398A7FC51AC955940076FE2C /* Frameworks */ = {
			isa = PBXFrameworksBuildPhase;
			buildActionMask = 2147483647;
			files = (
				39A948F61ACFAC0B00984374 /* libsqlite3.0.dylib in Frameworks */,
			);
			runOnlyForDeploymentPostprocessing = 0;
		};
		398A7FE11AC955940076FE2C /* Frameworks */ = {
			isa = PBXFrameworksBuildPhase;
			buildActionMask = 2147483647;
			files = (
			);
			runOnlyForDeploymentPostprocessing = 0;
		};
/* End PBXFrameworksBuildPhase section */

/* Begin PBXGroup section */
		398A7FBF1AC955940076FE2C = {
			isa = PBXGroup;
			children = (
				398A7FCA1AC955940076FE2C /* Card Master Plus */,
				398A7FE71AC955940076FE2C /* Card Master PlusTests */,
				398A7FC91AC955940076FE2C /* Products */,
			);
			sourceTree = "<group>";
		};
		398A7FC91AC955940076FE2C /* Products */ = {
			isa = PBXGroup;
			children = (
				398A7FC81AC955940076FE2C /* Card Master Plus.app */,
				398A7FE41AC955940076FE2C /* Card Master PlusTests.xctest */,
			);
			name = Products;
			sourceTree = "<group>";
		};
		398A7FCA1AC955940076FE2C /* Card Master Plus */ = {
			isa = PBXGroup;
			children = (
				398A7FCF1AC955940076FE2C /* AppDelegate.h */,
				398A7FD01AC955940076FE2C /* AppDelegate.m */,
				398A7FD81AC955940076FE2C /* Main.storyboard */,
				39A948EF1ACF712F00984374 /* ViewController */,
				39A948EE1ACF711B00984374 /* Model */,
				398A7FDB1AC955940076FE2C /* Images.xcassets */,
				398A7FDD1AC955940076FE2C /* LaunchScreen.xib */,
				39A948F51ACFAC0B00984374 /* libsqlite3.0.dylib */,
				398A7FCB1AC955940076FE2C /* Supporting Files */,
			);
			path = "Card Master Plus";
			sourceTree = "<group>";
		};
		398A7FCB1AC955940076FE2C /* Supporting Files */ = {
			isa = PBXGroup;
			children = (
				391F0CD31ADA9CF200D61BFC /* GameCards.db */,
				3948CFE31AD91A03003DE709 /* pic */,
				398A7FCC1AC955940076FE2C /* Info.plist */,
				398A7FCD1AC955940076FE2C /* main.m */,
			);
			name = "Supporting Files";
			sourceTree = "<group>";
		};
		398A7FE71AC955940076FE2C /* Card Master PlusTests */ = {
			isa = PBXGroup;
			children = (
				398A7FEA1AC955940076FE2C /* Card_Master_PlusTests.m */,
				398A7FE81AC955940076FE2C /* Supporting Files */,
			);
			path = "Card Master PlusTests";
			sourceTree = "<group>";
		};
		398A7FE81AC955940076FE2C /* Supporting Files */ = {
			isa = PBXGroup;
			children = (
				398A7FE91AC955940076FE2C /* Info.plist */,
			);
			name = "Supporting Files";
			sourceTree = "<group>";
		};
		39A948EE1ACF711B00984374 /* Model */ = {
			isa = PBXGroup;
			children = (
				39A948EB1ACF711400984374 /* CardInformation.h */,
				39A948EC1ACF711400984374 /* CardInformation.m */,
				39A948F21ACFA7E300984374 /* DBAccess.h */,
				39A948F31ACFA7E300984374 /* DBAccess.m */,
			);
			name = Model;
			sourceTree = "<group>";
		};
		39A948EF1ACF712F00984374 /* ViewController */ = {
			isa = PBXGroup;
			children = (
				39A949311AD2157F00984374 /* TableViewController.h */,
				39A949321AD2157F00984374 /* TableViewController.m */,
				398A7FD21AC955940076FE2C /* FirstViewController.h */,
				398A7FD31AC955940076FE2C /* FirstViewController.m */,
				398A7FD51AC955940076FE2C /* SecondViewController.h */,
				398A7FD61AC955940076FE2C /* SecondViewController.m */,
				39A948E41ACAE63300984374 /* CardInformationViewController.h */,
				39A948E51ACAE63300984374 /* CardInformationViewController.m */,
				397EB4471B2E7DFB005EA8D1 /* ViewController.h */,
				397EB4481B2E7DFB005EA8D1 /* ViewController.m */,
			);
			name = ViewController;
			sourceTree = "<group>";
		};
/* End PBXGroup section */

/* Begin PBXNativeTarget section */
		398A7FC71AC955940076FE2C /* Card Master Plus */ = {
			isa = PBXNativeTarget;
			buildConfigurationList = 398A7FEE1AC955940076FE2C /* Build configuration list for PBXNativeTarget "Card Master Plus" */;
			buildPhases = (
				398A7FC41AC955940076FE2C /* Sources */,
				398A7FC51AC955940076FE2C /* Frameworks */,
				398A7FC61AC955940076FE2C /* Resources */,
			);
			buildRules = (
			);
			dependencies = (
			);
			name = "Card Master Plus";
			productName = "Card Master Plus";
			productReference = 398A7FC81AC955940076FE2C /* Card Master Plus.app */;
			productType = "com.apple.product-type.application";
		};
		398A7FE31AC955940076FE2C /* Card Master PlusTests */ = {
			isa = PBXNativeTarget;
			buildConfigurationList = 398A7FF11AC955940076FE2C /* Build configuration list for PBXNativeTarget "Card Master PlusTests" */;
			buildPhases = (
				398A7FE01AC955940076FE2C /* Sources */,
				398A7FE11AC955940076FE2C /* Frameworks */,
				398A7FE21AC955940076FE2C /* Resources */,
			);
			buildRules = (
			);
			dependencies = (
				398A7FE61AC955940076FE2C /* PBXTargetDependency */,
			);
			name = "Card Master PlusTests";
			productName = "Card Master PlusTests";
			productReference = 398A7FE41AC955940076FE2C /* Card Master PlusTests.xctest */;
			productType = "com.apple.product-type.bundle.unit-test";
		};
/* End PBXNativeTarget section */

/* Begin PBXProject section */
		398A7FC01AC955940076FE2C /* Project object */ = {
			isa = PBXProject;
			attributes = {
				LastUpgradeCheck = 0620;
				ORGANIZATIONNAME = "Yang Jing";
				TargetAttributes = {
					398A7FC71AC955940076FE2C = {
						CreatedOnToolsVersion = 6.2;
						DevelopmentTeam = DD3DS98XH4;
						SystemCapabilities = {
							com.apple.WAC = {
								enabled = 0;
							};
						};
					};
					398A7FE31AC955940076FE2C = {
						CreatedOnToolsVersion = 6.2;
						TestTargetID = 398A7FC71AC955940076FE2C;
					};
				};
			};
			buildConfigurationList = 398A7FC31AC955940076FE2C /* Build configuration list for PBXProject "Card Master Plus" */;
			compatibilityVersion = "Xcode 3.2";
			developmentRegion = English;
			hasScannedForEncodings = 0;
			knownRegions = (
				en,
				Base,
			);
			mainGroup = 398A7FBF1AC955940076FE2C;
			productRefGroup = 398A7FC91AC955940076FE2C /* Products */;
			projectDirPath = "";
			projectRoot = "";
			targets = (
				398A7FC71AC955940076FE2C /* Card Master Plus */,
				398A7FE31AC955940076FE2C /* Card Master PlusTests */,
			);
		};
/* End PBXProject section */

/* Begin PBXResourcesBuildPhase section */
		398A7FC61AC955940076FE2C /* Resources */ = {
			isa = PBXResourcesBuildPhase;
			buildActionMask = 2147483647;
			files = (
				398A7FDA1AC955940076FE2C /* Main.storyboard in Resources */,
				398A7FDF1AC955940076FE2C /* LaunchScreen.xib in Resources */,
				398A7FDC1AC955940076FE2C /* Images.xcassets in Resources */,
				391F0CD41ADA9CF200D61BFC /* GameCards.db in Resources */,
				3948CFE41AD91A03003DE709 /* pic in Resources */,
			);
			runOnlyForDeploymentPostprocessing = 0;
		};
		398A7FE21AC955940076FE2C /* Resources */ = {
			isa = PBXResourcesBuildPhase;
			buildActionMask = 2147483647;
			files = (
			);
			runOnlyForDeploymentPostprocessing = 0;
		};
/* End PBXResourcesBuildPhase section */

/* Begin PBXSourcesBuildPhase section */
		398A7FC41AC955940076FE2C /* Sources */ = {
			isa = PBXSourcesBuildPhase;
			buildActionMask = 2147483647;
			files = (
				397EB4491B2E7DFB005EA8D1 /* ViewController.m in Sources */,
				39A948ED1ACF711400984374 /* CardInformation.m in Sources */,
				398A7FD71AC955940076FE2C /* SecondViewController.m in Sources */,
				39A948E61ACAE63300984374 /* CardInformationViewController.m in Sources */,
				398A7FD11AC955940076FE2C /* AppDelegate.m in Sources */,
				39A948F41ACFA7E300984374 /* DBAccess.m in Sources */,
				398A7FD41AC955940076FE2C /* FirstViewController.m in Sources */,
				398A7FCE1AC955940076FE2C /* main.m in Sources */,
				39A949331AD2157F00984374 /* TableViewController.m in Sources */,
			);
			runOnlyForDeploymentPostprocessing = 0;
		};
		398A7FE01AC955940076FE2C /* Sources */ = {
			isa = PBXSourcesBuildPhase;
			buildActionMask = 2147483647;
			files = (
				398A7FEB1AC955940076FE2C /* Card_Master_PlusTests.m in Sources */,
			);
			runOnlyForDeploymentPostprocessing = 0;
		};
/* End PBXSourcesBuildPhase section */

/* Begin PBXTargetDependency section */
		398A7FE61AC955940076FE2C /* PBXTargetDependency */ = {
			isa = PBXTargetDependency;
			target = 398A7FC71AC955940076FE2C /* Card Master Plus */;
			targetProxy = 398A7FE51AC955940076FE2C /* PBXContainerItemProxy */;
		};
/* End PBXTargetDependency section */

/* Begin PBXVariantGroup section */
		398A7FD81AC955940076FE2C /* Main.storyboard */ = {
			isa = PBXVariantGroup;
			children = (
				398A7FD91AC955940076FE2C /* Base */,
			);
			name = Main.storyboard;
			sourceTree = "<group>";
		};
		398A7FDD1AC955940076FE2C /* LaunchScreen.xib */ = {
			isa = PBXVariantGroup;
			children = (
				398A7FDE1AC955940076FE2C /* Base */,
			);
			name = LaunchScreen.xib;
			sourceTree = "<group>";
		};
/* End PBXVariantGroup section */

/* Begin XCBuildConfiguration section */
		398A7FEC1AC955940076FE2C /* Debug */ = {
			isa = XCBuildConfiguration;
			buildSettings = {
				ALWAYS_SEARCH_USER_PATHS = NO;
				CLANG_CXX_LANGUAGE_STANDARD = "gnu++0x";
				CLANG_CXX_LIBRARY = "libc++";
				CLANG_ENABLE_MODULES = YES;
				CLANG_ENABLE_OBJC_ARC = YES;
				CLANG_WARN_BOOL_CONVERSION = YES;
				CLANG_WARN_CONSTANT_CONVERSION = YES;
				CLANG_WARN_DIRECT_OBJC_ISA_USAGE = YES_ERROR;
				CLANG_WARN_EMPTY_BODY = YES;
				CLANG_WARN_ENUM_CONVERSION = YES;
				CLANG_WARN_INT_CONVERSION = YES;
				CLANG_WARN_OBJC_ROOT_CLASS = YES_ERROR;
				CLANG_WARN_UNREACHABLE_CODE = YES;
				CLANG_WARN__DUPLICATE_METHOD_MATCH = YES;
				"CODE_SIGN_IDENTITY[sdk=iphoneos*]" = "iPhone Developer";
				COPY_PHASE_STRIP = NO;
				ENABLE_STRICT_OBJC_MSGSEND = YES;
				GCC_C_LANGUAGE_STANDARD = gnu99;
				GCC_DYNAMIC_NO_PIC = NO;
				GCC_OPTIMIZATION_LEVEL = 0;
				GCC_PREPROCESSOR_DEFINITIONS = (
					"DEBUG=1",
					"$(inherited)",
				);
				GCC_SYMBOLS_PRIVATE_EXTERN = NO;
				GCC_WARN_64_TO_32_BIT_CONVERSION = YES;
				GCC_WARN_ABOUT_RETURN_TYPE = YES_ERROR;
				GCC_WARN_UNDECLARED_SELECTOR = YES;
				GCC_WARN_UNINITIALIZED_AUTOS = YES_AGGRESSIVE;
				GCC_WARN_UNUSED_FUNCTION = YES;
				GCC_WARN_UNUSED_VARIABLE = YES;
				IPHONEOS_DEPLOYMENT_TARGET = 8.2;
				MTL_ENABLE_DEBUG_INFO = YES;
				ONLY_ACTIVE_ARCH = YES;
				PROVISIONING_PROFILE = "e2a06e01-0abc-4b60-af19-3267e2132f0d";
				SDKROOT = iphoneos;
			};
			name = Debug;
		};
		398A7FED1AC955940076FE2C /* Release */ = {
			isa = XCBuildConfiguration;
			buildSettings = {
				ALWAYS_SEARCH_USER_PATHS = NO;
				CLANG_CXX_LANGUAGE_STANDARD = "gnu++0x";
				CLANG_CXX_LIBRARY = "libc++";
				CLANG_ENABLE_MODULES = YES;
				CLANG_ENABLE_OBJC_ARC = YES;
				CLANG_WARN_BOOL_CONVERSION = YES;
				CLANG_WARN_CONSTANT_CONVERSION = YES;
				CLANG_WARN_DIRECT_OBJC_ISA_USAGE = YES_ERROR;
				CLANG_WARN_EMPTY_BODY = YES;
				CLANG_WARN_ENUM_CONVERSION = YES;
				CLANG_WARN_INT_CONVERSION = YES;
				CLANG_WARN_OBJC_ROOT_CLASS = YES_ERROR;
				CLANG_WARN_UNREACHABLE_CODE = YES;
				CLANG_WARN__DUPLICATE_METHOD_MATCH = YES;
				"CODE_SIGN_IDENTITY[sdk=iphoneos*]" = "iPhone Developer";
				COPY_PHASE_STRIP = NO;
				ENABLE_NS_ASSERTIONS = NO;
				ENABLE_STRICT_OBJC_MSGSEND = YES;
				GCC_C_LANGUAGE_STANDARD = gnu99;
				GCC_WARN_64_TO_32_BIT_CONVERSION = YES;
				GCC_WARN_ABOUT_RETURN_TYPE = YES_ERROR;
				GCC_WARN_UNDECLARED_SELECTOR = YES;
				GCC_WARN_UNINITIALIZED_AUTOS = YES_AGGRESSIVE;
				GCC_WARN_UNUSED_FUNCTION = YES;
				GCC_WARN_UNUSED_VARIABLE = YES;
				IPHONEOS_DEPLOYMENT_TARGET = 8.2;
				MTL_ENABLE_DEBUG_INFO = NO;
				PROVISIONING_PROFILE = "e2a06e01-0abc-4b60-af19-3267e2132f0d";
				SDKROOT = iphoneos;
				VALIDATE_PRODUCT = YES;
			};
			name = Release;
		};
		398A7FEF1AC955940076FE2C /* Debug */ = {
			isa = XCBuildConfiguration;
			buildSettings = {
				ASSETCATALOG_COMPILER_APPICON_NAME = AppIcon;
				CODE_SIGN_IDENTITY = "iPhone Developer";
				"CODE_SIGN_IDENTITY[sdk=iphoneos*]" = "iPhone Developer";
				INFOPLIST_FILE = "Card Master Plus/Info.plist";
				LD_RUNPATH_SEARCH_PATHS = "$(inherited) @executable_path/Frameworks";
				PRODUCT_NAME = "$(TARGET_NAME)";
				PROVISIONING_PROFILE = "";
				TARGETED_DEVICE_FAMILY = "1,2";
			};
			name = Debug;
		};
		398A7FF01AC955940076FE2C /* Release */ = {
			isa = XCBuildConfiguration;
			buildSettings = {
				ASSETCATALOG_COMPILER_APPICON_NAME = AppIcon;
				CODE_SIGN_IDENTITY = "iPhone Developer";
				"CODE_SIGN_IDENTITY[sdk=iphoneos*]" = "iPhone Developer";
				INFOPLIST_FILE = "Card Master Plus/Info.plist";
				LD_RUNPATH_SEARCH_PATHS = "$(inherited) @executable_path/Frameworks";
				PRODUCT_NAME = "$(TARGET_NAME)";
				PROVISIONING_PROFILE = "";
				TARGETED_DEVICE_FAMILY = "1,2";
			};
			name = Release;
		};
		398A7FF21AC955940076FE2C /* Debug */ = {
			isa = XCBuildConfiguration;
			buildSettings = {
				BUNDLE_LOADER = "$(TEST_HOST)";
				FRAMEWORK_SEARCH_PATHS = (
					"$(SDKROOT)/Developer/Library/Frameworks",
					"$(inherited)",
				);
				GCC_PREPROCESSOR_DEFINITIONS = (
					"DEBUG=1",
					"$(inherited)",
				);
				INFOPLIST_FILE = "Card Master PlusTests/Info.plist";
				LD_RUNPATH_SEARCH_PATHS = "$(inherited) @executable_path/Frameworks @loader_path/Frameworks";
				PRODUCT_NAME = "$(TARGET_NAME)";
				TEST_HOST = "$(BUILT_PRODUCTS_DIR)/Card Master Plus.app/Card Master Plus";
			};
			name = Debug;
		};
		398A7FF31AC955940076FE2C /* Release */ = {
			isa = XCBuildConfiguration;
			buildSettings = {
				BUNDLE_LOADER = "$(TEST_HOST)";
				FRAMEWORK_SEARCH_PATHS = (
					"$(SDKROOT)/Developer/Library/Frameworks",
					"$(inherited)",
				);
				INFOPLIST_FILE = "Card Master PlusTests/Info.plist";
				LD_RUNPATH_SEARCH_PATHS = "$(inherited) @executable_path/Frameworks @loader_path/Frameworks";
				PRODUCT_NAME = "$(TARGET_NAME)";
				TEST_HOST = "$(BUILT_PRODUCTS_DIR)/Card Master Plus.app/Card Master Plus";
			};
			name = Release;
		};
/* End XCBuildConfiguration section */

/* Begin XCConfigurationList section */
		398A7FC31AC955940076FE2C /* Build configuration list for PBXProject "Card Master Plus" */ = {
			isa = XCConfigurationList;
			buildConfigurations = (
				398A7FEC1AC955940076FE2C /* Debug */,
				398A7FED1AC955940076FE2C /* Release */,
			);
			defaultConfigurationIsVisible = 0;
			defaultConfigurationName = Release;
		};
		398A7FEE1AC955940076FE2C /* Build configuration list for PBXNativeTarget "Card Master Plus" */ = {
			isa = XCConfigurationList;
			buildConfigurations = (
				398A7FEF1AC955940076FE2C /* Debug */,
				398A7FF01AC955940076FE2C /* Release */,
			);
			defaultConfigurationIsVisible = 0;
			defaultConfigurationName = Release;
		};
		398A7FF11AC955940076FE2C /* Build configuration list for PBXNativeTarget "Card Master PlusTests" */ = {
			isa = XCConfigurationList;
			buildConfigurations = (
				398A7FF21AC955940076FE2C /* Debug */,
				398A7FF31AC955940076FE2C /* Release */,
			);
			defaultConfigurationIsVisible = 0;
			defaultConfigurationName = Release;
		};
/* End XCConfigurationList section */
	};
	rootObject = 398A7FC01AC955940076FE2C /* Project object */;
}
